
Microsoft Visual Studio Solution File, Format Version 12.00
# Visual Studio 15
VisualStudioVersion = 15.0.27004.2006
MinimumVisualStudioVersion = 10.0.40219.1
Project("{FAE04EC0-301F-11D3-BF4B-00C04F79EFBC}") = "MVC_FromScratch_By_Add_DLL", "MVC_FromScratch_By_Add_DLL\MVC_FromScratch_By_Add_DLL.csproj", "{1FF12CFB-581C-4CC5-B31A-97896B803C8B}"
EndProject
Global
	GlobalSection(SolutionConfigurationPlatforms) = preSolution
		Debug|Any CPU = Debug|Any CPU
		Release|Any CPU = Release|Any CPU
	EndGlobalSection
	GlobalSection(ProjectConfigurationPlatforms) = postSolution
		{1FF12CFB-581C-4CC5-B31A-97896B803C8B}.Debug|Any CPU.ActiveCfg = Debug|Any CPU
		{1FF12CFB-581C-4CC5-B31A-97896B803C8B}.Debug|Any CPU.Build.0 = Debug|Any CPU
		{1FF12CFB-581C-4CC5-B31A-97896B803C8B}.Release|Any CPU.ActiveCfg = Release|Any CPU
		{1FF12CFB-581C-4CC5-B31A-97896B803C8B}.Release|Any CPU.Build.0 = Release|Any CPU
	EndGlobalSection
	GlobalSection(SolutionProperties) = preSolution
		HideSolutionNode = FALSE
	EndGlobalSection
	GlobalSection(ExtensibilityGlobals) = postSolution
		SolutionGuid = {050FD098-4894-465E-820E-B4F127262E0B}
	EndGlobalSection
EndGlobal
